
Microsoft Visual Studio Solution File, Format Version 12.00
# Visual Studio Version 17
VisualStudioVersion = 17.11.35219.272
MinimumVisualStudioVersion = 10.0.40219.1
Project("{9A19103F-16F7-4668-BE54-9A1E7A4F7556}") = "WystawianieFS", "WystawianieFS\WystawianieFS.csproj", "{0FF538E9-85F1-43F8-9C82-ACFA03833581}"
EndProject
Project("{FAE04EC0-301F-11D3-BF4B-00C04F79EFBC}") = "GenerowanieXLSX", "GenerowanieXLSX\GenerowanieXLSX.csproj", "{7ABC1533-F9AB-496B-84AD-E48149087325}"
EndProject
Global
	GlobalSection(SolutionConfigurationPlatforms) = preSolution
		Debug|Any CPU = Debug|Any CPU
		Release|Any CPU = Release|Any CPU
	EndGlobalSection
	GlobalSection(ProjectConfigurationPlatforms) = postSolution
		{0FF538E9-85F1-43F8-9C82-ACFA03833581}.Debug|Any CPU.ActiveCfg = Debug|Any CPU
		{0FF538E9-85F1-43F8-9C82-ACFA03833581}.Debug|Any CPU.Build.0 = Debug|Any CPU
		{0FF538E9-85F1-43F8-9C82-ACFA03833581}.Release|Any CPU.ActiveCfg = Release|Any CPU
		{0FF538E9-85F1-43F8-9C82-ACFA03833581}.Release|Any CPU.Build.0 = Release|Any CPU
		{7ABC1533-F9AB-496B-84AD-E48149087325}.Debug|Any CPU.ActiveCfg = Debug|Any CPU
		{7ABC1533-F9AB-496B-84AD-E48149087325}.Debug|Any CPU.Build.0 = Debug|Any CPU
		{7ABC1533-F9AB-496B-84AD-E48149087325}.Release|Any CPU.ActiveCfg = Release|Any CPU
		{7ABC1533-F9AB-496B-84AD-E48149087325}.Release|Any CPU.Build.0 = Release|Any CPU
	EndGlobalSection
	GlobalSection(SolutionProperties) = preSolution
		HideSolutionNode = FALSE
	EndGlobalSection
	GlobalSection(ExtensibilityGlobals) = postSolution
		SolutionGuid = {EACE4948-5D6D-40E8-BD74-C40B93C28542}
	EndGlobalSection
EndGlobal
